
Microsoft Visual Studio Solution File, Format Version 12.00
# Visual Studio 14
VisualStudioVersion = 14.0.24720.0
MinimumVisualStudioVersion = 10.0.40219.1
Project("{FAE04EC0-301F-11D3-BF4B-00C04F79EFBC}") = "FieldCalculator", "FieldCalculator\FieldCalculator.csproj", "{EB329F2C-A30B-44DA-8022-95EF0EC64B8D}"
EndProject
Project("{FAE04EC0-301F-11D3-BF4B-00C04F79EFBC}") = "FieldCalculatorV2", "FieldCalculatorV2\FieldCalculatorV2.csproj", "{DEECF363-ADAD-46D4-9A42-0A37729E2FF9}"
EndProject
Project("{F088123C-0E9E-452A-89E6-6BA2F21D5CAC}") = "Shapes", "Shapes\Shapes.modelproj", "{C58B31A7-DDBE-410E-AF0F-0F254350E670}"
EndProject
Project("{FAE04EC0-301F-11D3-BF4B-00C04F79EFBC}") = "ShapesLib", "ShapesLib\ShapesLib.csproj", "{DC68F9C8-3EA4-4DA7-84BE-30F49130AA84}"
EndProject
Project("{FAE04EC0-301F-11D3-BF4B-00C04F79EFBC}") = "FieldCalculatorV3", "FieldCalculatorV3\FieldCalculatorV3.csproj", "{C619D374-DCE3-4435-813A-1E8B27D4CA70}"
EndProject
Global
	GlobalSection(SolutionConfigurationPlatforms) = preSolution
		Debug|Any CPU = Debug|Any CPU
		Release|Any CPU = Release|Any CPU
	EndGlobalSection
	GlobalSection(ProjectConfigurationPlatforms) = postSolution
		{EB329F2C-A30B-44DA-8022-95EF0EC64B8D}.Debug|Any CPU.ActiveCfg = Debug|Any CPU
		{EB329F2C-A30B-44DA-8022-95EF0EC64B8D}.Debug|Any CPU.Build.0 = Debug|Any CPU
		{EB329F2C-A30B-44DA-8022-95EF0EC64B8D}.Release|Any CPU.ActiveCfg = Release|Any CPU
		{EB329F2C-A30B-44DA-8022-95EF0EC64B8D}.Release|Any CPU.Build.0 = Release|Any CPU
		{DEECF363-ADAD-46D4-9A42-0A37729E2FF9}.Debug|Any CPU.ActiveCfg = Debug|Any CPU
		{DEECF363-ADAD-46D4-9A42-0A37729E2FF9}.Debug|Any CPU.Build.0 = Debug|Any CPU
		{DEECF363-ADAD-46D4-9A42-0A37729E2FF9}.Release|Any CPU.ActiveCfg = Release|Any CPU
		{DEECF363-ADAD-46D4-9A42-0A37729E2FF9}.Release|Any CPU.Build.0 = Release|Any CPU
		{C58B31A7-DDBE-410E-AF0F-0F254350E670}.Debug|Any CPU.ActiveCfg = Debug|Any CPU
		{C58B31A7-DDBE-410E-AF0F-0F254350E670}.Debug|Any CPU.Build.0 = Debug|Any CPU
		{C58B31A7-DDBE-410E-AF0F-0F254350E670}.Release|Any CPU.ActiveCfg = Release|Any CPU
		{C58B31A7-DDBE-410E-AF0F-0F254350E670}.Release|Any CPU.Build.0 = Release|Any CPU
		{DC68F9C8-3EA4-4DA7-84BE-30F49130AA84}.Debug|Any CPU.ActiveCfg = Debug|Any CPU
		{DC68F9C8-3EA4-4DA7-84BE-30F49130AA84}.Debug|Any CPU.Build.0 = Debug|Any CPU
		{DC68F9C8-3EA4-4DA7-84BE-30F49130AA84}.Release|Any CPU.ActiveCfg = Release|Any CPU
		{DC68F9C8-3EA4-4DA7-84BE-30F49130AA84}.Release|Any CPU.Build.0 = Release|Any CPU
		{C619D374-DCE3-4435-813A-1E8B27D4CA70}.Debug|Any CPU.ActiveCfg = Debug|Any CPU
		{C619D374-DCE3-4435-813A-1E8B27D4CA70}.Debug|Any CPU.Build.0 = Debug|Any CPU
		{C619D374-DCE3-4435-813A-1E8B27D4CA70}.Release|Any CPU.ActiveCfg = Release|Any CPU
		{C619D374-DCE3-4435-813A-1E8B27D4CA70}.Release|Any CPU.Build.0 = Release|Any CPU
	EndGlobalSection
	GlobalSection(SolutionProperties) = preSolution
		HideSolutionNode = FALSE
	EndGlobalSection
	GlobalSection(ExtensibilityGlobals) = postSolution
		SolutionGuid = {C23EADF1-C4B3-49DB-8DF7-C0B4BF96E2AD}
	EndGlobalSection
EndGlobal
